
Microsoft Visual Studio Solution File, Format Version 12.00
# Visual Studio Version 17
VisualStudioVersion = 17.8.34511.84
MinimumVisualStudioVersion = 10.0.40219.1
Project("{FAE04EC0-301F-11D3-BF4B-00C04F79EFBC}") = "panfilova_fitness", "panfilova_fitness\panfilova_fitness.csproj", "{8CF9F912-2954-4EEC-9A7D-1D7C482F58F2}"
EndProject
Global
	GlobalSection(SolutionConfigurationPlatforms) = preSolution
		Debug|Any CPU = Debug|Any CPU
		Release|Any CPU = Release|Any CPU
	EndGlobalSection
	GlobalSection(ProjectConfigurationPlatforms) = postSolution
		{8CF9F912-2954-4EEC-9A7D-1D7C482F58F2}.Debug|Any CPU.ActiveCfg = Debug|Any CPU
		{8CF9F912-2954-4EEC-9A7D-1D7C482F58F2}.Debug|Any CPU.Build.0 = Debug|Any CPU
		{8CF9F912-2954-4EEC-9A7D-1D7C482F58F2}.Release|Any CPU.ActiveCfg = Release|Any CPU
		{8CF9F912-2954-4EEC-9A7D-1D7C482F58F2}.Release|Any CPU.Build.0 = Release|Any CPU
	EndGlobalSection
	GlobalSection(SolutionProperties) = preSolution
		HideSolutionNode = FALSE
	EndGlobalSection
	GlobalSection(ExtensibilityGlobals) = postSolution
		SolutionGuid = {EB5972B6-3BA9-4F3D-A65F-F1F8F6B1F8A8}
	EndGlobalSection
EndGlobal
